Microsoft Visual Studio Solution File, Format Version 12.00
# Visual Studio 15
VisualStudioVersion = 15.0.27004.2005
MinimumVisualStudioVersion = 10.0.40219.1
Project("{9A19103F-16F7-4668-BE54-9A1E7A4F7556}") = "Quantumart", "Quantumart\Quantumart.csproj", "{4936635F-9151-49F8-9017-615B9C828491}"
EndProject
Project("{9A19103F-16F7-4668-BE54-9A1E7A4F7556}") = "Assembling", "Assembling\Assembling.csproj", "{ABA32EEB-7B9A-4BD8-973B-CD483F076237}"
EndProject
Project("{2150E333-8FDC-42A3-9474-1A3956D46DE8}") = "Solution Items", "Solution Items", "{9E348C6A-69AE-4632-BDBD-14DC682994BE}"
	ProjectSection(SolutionItems) = preProject
		NuGet.config = NuGet.config
	EndProjectSection
EndProject
Project("{9A19103F-16F7-4668-BE54-9A1E7A4F7556}") = "Quantumart.Tests", "Quantumart.Tests\Quantumart.Tests.csproj", "{F0A136E3-E12D-4697-AEDA-03502DAEE949}"
EndProject
Project("{9A19103F-16F7-4668-BE54-9A1E7A4F7556}") = "Quantumart.IntegrationTests", "Quantumart.IntegrationTests\Quantumart.IntegrationTests.csproj", "{5D74D7FD-F697-4E31-B419-94F2ED8D83DB}"
EndProject
Global
	GlobalSection(SolutionConfigurationPlatforms) = preSolution
		Debug_AspnetCore|Any CPU = Debug_AspnetCore|Any CPU
		Debug|Any CPU = Debug|Any CPU
		Release_AspnetCore|Any CPU = Release_AspnetCore|Any CPU
		Release|Any CPU = Release|Any CPU
	EndGlobalSection
	GlobalSection(ProjectConfigurationPlatforms) = postSolution
		{4936635F-9151-49F8-9017-615B9C828491}.Debug_AspnetCore|Any CPU.ActiveCfg = Debug_AspnetCore|Any CPU
		{4936635F-9151-49F8-9017-615B9C828491}.Debug_AspnetCore|Any CPU.Build.0 = Debug_AspnetCore|Any CPU
		{4936635F-9151-49F8-9017-615B9C828491}.Debug|Any CPU.ActiveCfg = Debug|Any CPU
		{4936635F-9151-49F8-9017-615B9C828491}.Debug|Any CPU.Build.0 = Debug|Any CPU
		{4936635F-9151-49F8-9017-615B9C828491}.Release_AspnetCore|Any CPU.ActiveCfg = Release_AspnetCore|Any CPU
		{4936635F-9151-49F8-9017-615B9C828491}.Release_AspnetCore|Any CPU.Build.0 = Release_AspnetCore|Any CPU
		{4936635F-9151-49F8-9017-615B9C828491}.Release|Any CPU.ActiveCfg = Release|Any CPU
		{4936635F-9151-49F8-9017-615B9C828491}.Release|Any CPU.Build.0 = Release|Any CPU
		{ABA32EEB-7B9A-4BD8-973B-CD483F076237}.Debug_AspnetCore|Any CPU.ActiveCfg = Debug|Any CPU
		{ABA32EEB-7B9A-4BD8-973B-CD483F076237}.Debug_AspnetCore|Any CPU.Build.0 = Debug|Any CPU
		{ABA32EEB-7B9A-4BD8-973B-CD483F076237}.Debug|Any CPU.ActiveCfg = Debug|Any CPU
		{ABA32EEB-7B9A-4BD8-973B-CD483F076237}.Debug|Any CPU.Build.0 = Debug|Any CPU
		{ABA32EEB-7B9A-4BD8-973B-CD483F076237}.Release_AspnetCore|Any CPU.ActiveCfg = Release|Any CPU
		{ABA32EEB-7B9A-4BD8-973B-CD483F076237}.Release_AspnetCore|Any CPU.Build.0 = Release|Any CPU
		{ABA32EEB-7B9A-4BD8-973B-CD483F076237}.Release|Any CPU.ActiveCfg = Release|Any CPU
		{ABA32EEB-7B9A-4BD8-973B-CD483F076237}.Release|Any CPU.Build.0 = Release|Any CPU
		{F0A136E3-E12D-4697-AEDA-03502DAEE949}.Debug_AspnetCore|Any CPU.ActiveCfg = Debug_AspnetCore|Any CPU
		{F0A136E3-E12D-4697-AEDA-03502DAEE949}.Debug_AspnetCore|Any CPU.Build.0 = Debug_AspnetCore|Any CPU
		{F0A136E3-E12D-4697-AEDA-03502DAEE949}.Debug|Any CPU.ActiveCfg = Debug|Any CPU
		{F0A136E3-E12D-4697-AEDA-03502DAEE949}.Debug|Any CPU.Build.0 = Debug|Any CPU
		{F0A136E3-E12D-4697-AEDA-03502DAEE949}.Release_AspnetCore|Any CPU.ActiveCfg = Release_AspnetCore|Any CPU
		{F0A136E3-E12D-4697-AEDA-03502DAEE949}.Release_AspnetCore|Any CPU.Build.0 = Release_AspnetCore|Any CPU
		{F0A136E3-E12D-4697-AEDA-03502DAEE949}.Release|Any CPU.ActiveCfg = Release|Any CPU
		{F0A136E3-E12D-4697-AEDA-03502DAEE949}.Release|Any CPU.Build.0 = Release|Any CPU
		{5D74D7FD-F697-4E31-B419-94F2ED8D83DB}.Debug_AspnetCore|Any CPU.ActiveCfg = Debug|Any CPU
		{5D74D7FD-F697-4E31-B419-94F2ED8D83DB}.Debug_AspnetCore|Any CPU.Build.0 = Debug|Any CPU
		{5D74D7FD-F697-4E31-B419-94F2ED8D83DB}.Debug|Any CPU.ActiveCfg = Debug|Any CPU
		{5D74D7FD-F697-4E31-B419-94F2ED8D83DB}.Debug|Any CPU.Build.0 = Debug|Any CPU
		{5D74D7FD-F697-4E31-B419-94F2ED8D83DB}.Release_AspnetCore|Any CPU.ActiveCfg = Release|Any CPU
		{5D74D7FD-F697-4E31-B419-94F2ED8D83DB}.Release_AspnetCore|Any CPU.Build.0 = Release|Any CPU
		{5D74D7FD-F697-4E31-B419-94F2ED8D83DB}.Release|Any CPU.ActiveCfg = Release|Any CPU
		{5D74D7FD-F697-4E31-B419-94F2ED8D83DB}.Release|Any CPU.Build.0 = Release|Any CPU
	EndGlobalSection
	GlobalSection(SolutionProperties) = preSolution
		HideSolutionNode = FALSE
	EndGlobalSection
	GlobalSection(ExtensibilityGlobals) = postSolution
		SolutionGuid = {993A8D9B-7F4A-48D2-A050-11F2732CF357}
	EndGlobalSection
EndGlobal
